
Microsoft Visual Studio Solution File, Format Version 12.00
# Visual Studio Version 17
VisualStudioVersion = 17.8.34525.116
MinimumVisualStudioVersion = 10.0.40219.1
Project("{2150E333-8FDC-42A3-9474-1A3956D46DE8}") = "core.Packages", "core.Packages", "{CCD018F1-2E19-45DB-AB01-AD1683F709BA}"
EndProject
Project("{9A19103F-16F7-4668-BE54-9A1E7A4F7556}") = "Core.Application", "core.Packages\Core.Application\Core.Application.csproj", "{F106CDC3-FE2A-42F1-AD16-277D43A66A94}"
EndProject
Project("{9A19103F-16F7-4668-BE54-9A1E7A4F7556}") = "Core.CrossCuttingConcerns", "core.Packages\Core.CrossCuttingConcers\Core.CrossCuttingConcerns.csproj", "{98903265-4485-4A80-960E-BA22F5FB6734}"
EndProject
Project("{9A19103F-16F7-4668-BE54-9A1E7A4F7556}") = "Core.ElasticSearch", "core.Packages\Core.ElasticSearch\Core.ElasticSearch.csproj", "{CA5B3C13-3803-4ADC-8788-0B94EDA589B6}"
EndProject
Project("{9A19103F-16F7-4668-BE54-9A1E7A4F7556}") = "Core.Mailing", "core.Packages\Core.Mailing\Core.Mailing.csproj", "{5D26884A-2095-441A-8BD7-6C45D9BBA79B}"
EndProject
Project("{9A19103F-16F7-4668-BE54-9A1E7A4F7556}") = "Core.Persistence", "core.Packages\Core.Persistence\Core.Persistence.csproj", "{1E82A34C-FD17-404D-96B3-2A85608A2328}"
EndProject
Project("{9A19103F-16F7-4668-BE54-9A1E7A4F7556}") = "Core.Security", "core.Packages\Core.Security\Core.Security.csproj", "{F1FB4024-62E7-4BD2-80A8-BCE3584230BD}"
EndProject
Project("{2150E333-8FDC-42A3-9474-1A3956D46DE8}") = "demoProjects", "demoProjects", "{A4D8DB95-C4D8-49FB-8782-500CDF5113CD}"
EndProject
Project("{2150E333-8FDC-42A3-9474-1A3956D46DE8}") = "rentACar", "rentACar", "{EFFB574C-255A-46C3-9C0D-0F5BE44D67FD}"
EndProject
Project("{FAE04EC0-301F-11D3-BF4B-00C04F79EFBC}") = "Application", "Application\Application.csproj", "{F27BE3C5-4A30-4FDE-8BD4-E9EF5365DB31}"
EndProject
Project("{FAE04EC0-301F-11D3-BF4B-00C04F79EFBC}") = "Domain", "Domain\Domain.csproj", "{7E48FE92-2A2E-4753-8F7C-A4EE85C188CA}"
EndProject
Project("{FAE04EC0-301F-11D3-BF4B-00C04F79EFBC}") = "Infrastructure", "Infrastructure\Infrastructure.csproj", "{40811B18-A707-43AE-B909-8D57EC47BE6B}"
EndProject
Project("{FAE04EC0-301F-11D3-BF4B-00C04F79EFBC}") = "Persistance", "Persistance\Persistance.csproj", "{857CC311-7951-4AAC-97DE-143B1B86F88D}"
EndProject
Project("{FAE04EC0-301F-11D3-BF4B-00C04F79EFBC}") = "WebAPI", "WebAPI\WebAPI.csproj", "{E4D47A5A-FFDD-460A-AAE3-1DAC16BD7110}"
EndProject
Global
	GlobalSection(SolutionConfigurationPlatforms) = preSolution
		Debug|Any CPU = Debug|Any CPU
		Release|Any CPU = Release|Any CPU
	EndGlobalSection
	GlobalSection(ProjectConfigurationPlatforms) = postSolution
		{F106CDC3-FE2A-42F1-AD16-277D43A66A94}.Debug|Any CPU.ActiveCfg = Debug|Any CPU
		{F106CDC3-FE2A-42F1-AD16-277D43A66A94}.Debug|Any CPU.Build.0 = Debug|Any CPU
		{F106CDC3-FE2A-42F1-AD16-277D43A66A94}.Release|Any CPU.ActiveCfg = Release|Any CPU
		{F106CDC3-FE2A-42F1-AD16-277D43A66A94}.Release|Any CPU.Build.0 = Release|Any CPU
		{98903265-4485-4A80-960E-BA22F5FB6734}.Debug|Any CPU.ActiveCfg = Debug|Any CPU
		{98903265-4485-4A80-960E-BA22F5FB6734}.Debug|Any CPU.Build.0 = Debug|Any CPU
		{98903265-4485-4A80-960E-BA22F5FB6734}.Release|Any CPU.ActiveCfg = Release|Any CPU
		{98903265-4485-4A80-960E-BA22F5FB6734}.Release|Any CPU.Build.0 = Release|Any CPU
		{CA5B3C13-3803-4ADC-8788-0B94EDA589B6}.Debug|Any CPU.ActiveCfg = Debug|Any CPU
		{CA5B3C13-3803-4ADC-8788-0B94EDA589B6}.Debug|Any CPU.Build.0 = Debug|Any CPU
		{CA5B3C13-3803-4ADC-8788-0B94EDA589B6}.Release|Any CPU.ActiveCfg = Release|Any CPU
		{CA5B3C13-3803-4ADC-8788-0B94EDA589B6}.Release|Any CPU.Build.0 = Release|Any CPU
		{5D26884A-2095-441A-8BD7-6C45D9BBA79B}.Debug|Any CPU.ActiveCfg = Debug|Any CPU
		{5D26884A-2095-441A-8BD7-6C45D9BBA79B}.Debug|Any CPU.Build.0 = Debug|Any CPU
		{5D26884A-2095-441A-8BD7-6C45D9BBA79B}.Release|Any CPU.ActiveCfg = Release|Any CPU
		{5D26884A-2095-441A-8BD7-6C45D9BBA79B}.Release|Any CPU.Build.0 = Release|Any CPU
		{1E82A34C-FD17-404D-96B3-2A85608A2328}.Debug|Any CPU.ActiveCfg = Debug|Any CPU
		{1E82A34C-FD17-404D-96B3-2A85608A2328}.Debug|Any CPU.Build.0 = Debug|Any CPU
		{1E82A34C-FD17-404D-96B3-2A85608A2328}.Release|Any CPU.ActiveCfg = Release|Any CPU
		{1E82A34C-FD17-404D-96B3-2A85608A2328}.Release|Any CPU.Build.0 = Release|Any CPU
		{F1FB4024-62E7-4BD2-80A8-BCE3584230BD}.Debug|Any CPU.ActiveCfg = Debug|Any CPU
		{F1FB4024-62E7-4BD2-80A8-BCE3584230BD}.Debug|Any CPU.Build.0 = Debug|Any CPU
		{F1FB4024-62E7-4BD2-80A8-BCE3584230BD}.Release|Any CPU.ActiveCfg = Release|Any CPU
		{F1FB4024-62E7-4BD2-80A8-BCE3584230BD}.Release|Any CPU.Build.0 = Release|Any CPU
		{F27BE3C5-4A30-4FDE-8BD4-E9EF5365DB31}.Debug|Any CPU.ActiveCfg = Debug|Any CPU
		{F27BE3C5-4A30-4FDE-8BD4-E9EF5365DB31}.Debug|Any CPU.Build.0 = Debug|Any CPU
		{F27BE3C5-4A30-4FDE-8BD4-E9EF5365DB31}.Release|Any CPU.ActiveCfg = Release|Any CPU
		{F27BE3C5-4A30-4FDE-8BD4-E9EF5365DB31}.Release|Any CPU.Build.0 = Release|Any CPU
		{7E48FE92-2A2E-4753-8F7C-A4EE85C188CA}.Debug|Any CPU.ActiveCfg = Debug|Any CPU
		{7E48FE92-2A2E-4753-8F7C-A4EE85C188CA}.Debug|Any CPU.Build.0 = Debug|Any CPU
		{7E48FE92-2A2E-4753-8F7C-A4EE85C188CA}.Release|Any CPU.ActiveCfg = Release|Any CPU
		{7E48FE92-2A2E-4753-8F7C-A4EE85C188CA}.Release|Any CPU.Build.0 = Release|Any CPU
		{40811B18-A707-43AE-B909-8D57EC47BE6B}.Debug|Any CPU.ActiveCfg = Debug|Any CPU
		{40811B18-A707-43AE-B909-8D57EC47BE6B}.Debug|Any CPU.Build.0 = Debug|Any CPU
		{40811B18-A707-43AE-B909-8D57EC47BE6B}.Release|Any CPU.ActiveCfg = Release|Any CPU
		{40811B18-A707-43AE-B909-8D57EC47BE6B}.Release|Any CPU.Build.0 = Release|Any CPU
		{857CC311-7951-4AAC-97DE-143B1B86F88D}.Debug|Any CPU.ActiveCfg = Debug|Any CPU
		{857CC311-7951-4AAC-97DE-143B1B86F88D}.Debug|Any CPU.Build.0 = Debug|Any CPU
		{857CC311-7951-4AAC-97DE-143B1B86F88D}.Release|Any CPU.ActiveCfg = Release|Any CPU
		{857CC311-7951-4AAC-97DE-143B1B86F88D}.Release|Any CPU.Build.0 = Release|Any CPU
		{E4D47A5A-FFDD-460A-AAE3-1DAC16BD7110}.Debug|Any CPU.ActiveCfg = Debug|Any CPU
		{E4D47A5A-FFDD-460A-AAE3-1DAC16BD7110}.Debug|Any CPU.Build.0 = Debug|Any CPU
		{E4D47A5A-FFDD-460A-AAE3-1DAC16BD7110}.Release|Any CPU.ActiveCfg = Release|Any CPU
		{E4D47A5A-FFDD-460A-AAE3-1DAC16BD7110}.Release|Any CPU.Build.0 = Release|Any CPU
	EndGlobalSection
	GlobalSection(SolutionProperties) = preSolution
		HideSolutionNode = FALSE
	EndGlobalSection
	GlobalSection(NestedProjects) = preSolution
		{F106CDC3-FE2A-42F1-AD16-277D43A66A94} = {CCD018F1-2E19-45DB-AB01-AD1683F709BA}
		{98903265-4485-4A80-960E-BA22F5FB6734} = {CCD018F1-2E19-45DB-AB01-AD1683F709BA}
		{CA5B3C13-3803-4ADC-8788-0B94EDA589B6} = {CCD018F1-2E19-45DB-AB01-AD1683F709BA}
		{5D26884A-2095-441A-8BD7-6C45D9BBA79B} = {CCD018F1-2E19-45DB-AB01-AD1683F709BA}
		{1E82A34C-FD17-404D-96B3-2A85608A2328} = {CCD018F1-2E19-45DB-AB01-AD1683F709BA}
		{F1FB4024-62E7-4BD2-80A8-BCE3584230BD} = {CCD018F1-2E19-45DB-AB01-AD1683F709BA}
		{EFFB574C-255A-46C3-9C0D-0F5BE44D67FD} = {A4D8DB95-C4D8-49FB-8782-500CDF5113CD}
		{F27BE3C5-4A30-4FDE-8BD4-E9EF5365DB31} = {EFFB574C-255A-46C3-9C0D-0F5BE44D67FD}
		{7E48FE92-2A2E-4753-8F7C-A4EE85C188CA} = {EFFB574C-255A-46C3-9C0D-0F5BE44D67FD}
		{40811B18-A707-43AE-B909-8D57EC47BE6B} = {EFFB574C-255A-46C3-9C0D-0F5BE44D67FD}
		{857CC311-7951-4AAC-97DE-143B1B86F88D} = {EFFB574C-255A-46C3-9C0D-0F5BE44D67FD}
		{E4D47A5A-FFDD-460A-AAE3-1DAC16BD7110} = {EFFB574C-255A-46C3-9C0D-0F5BE44D67FD}
	EndGlobalSection
	GlobalSection(ExtensibilityGlobals) = postSolution
		SolutionGuid = {A9CBFBE5-D18C-4D66-B845-95FEB82B7D22}
	EndGlobalSection
EndGlobal
